
Microsoft Visual Studio Solution File, Format Version 12.00
# Visual Studio Version 18
VisualStudioVersion = 18.0.11205.157
MinimumVisualStudioVersion = 10.0.40219.1
Project("{FAE04EC0-301F-11D3-BF4B-00C04F79EFBC}") = "TrafficTrack.Core", "TrafficTrack.Core\TrafficTrack.Core.csproj", "{88D6EA05-9CEA-4196-A2F4-88A061F9364B}"
EndProject
Project("{FAE04EC0-301F-11D3-BF4B-00C04F79EFBC}") = "TrafficTrack.Infrastructure", "TrafficTrack.Infrastructure\TrafficTrack.Infrastructure.csproj", "{3C91A65F-D350-4EF1-93A4-CA8FD399A8E1}"
EndProject
Project("{FAE04EC0-301F-11D3-BF4B-00C04F79EFBC}") = "TrafficTrack.Services", "TrafficTrack.Services\TrafficTrack.Services.csproj", "{E6200AD8-2CA9-44DD-B2A9-9765C55B7F6F}"
EndProject
Project("{FAE04EC0-301F-11D3-BF4B-00C04F79EFBC}") = "TrafficTrack.Console", "TrafficTrack.Console\TrafficTrack.Console.csproj", "{1639E53B-B381-49D0-819A-8F2DCC43984D}"
EndProject
Project("{FAE04EC0-301F-11D3-BF4B-00C04F79EFBC}") = "TrafficTrack.Tests", "TrafficTrack.Tests\TrafficTrack.Tests.csproj", "{6577169F-C1DF-478D-AF39-A5A1993B34FC}"
EndProject
Project("{FAE04EC0-301F-11D3-BF4B-00C04F79EFBC}") = "TrafficTrack.Api", "TrafficTrack.Api\TrafficTrack.Api.csproj", "{22DB82AF-DD56-4269-B093-EC507426A47D}"
EndProject
Global
	GlobalSection(SolutionConfigurationPlatforms) = preSolution
		Debug|Any CPU = Debug|Any CPU
		Debug|x64 = Debug|x64
		Debug|x86 = Debug|x86
		Release|Any CPU = Release|Any CPU
		Release|x64 = Release|x64
		Release|x86 = Release|x86
	EndGlobalSection
	GlobalSection(ProjectConfigurationPlatforms) = postSolution
		{88D6EA05-9CEA-4196-A2F4-88A061F9364B}.Debug|Any CPU.ActiveCfg = Debug|Any CPU
		{88D6EA05-9CEA-4196-A2F4-88A061F9364B}.Debug|Any CPU.Build.0 = Debug|Any CPU
		{88D6EA05-9CEA-4196-A2F4-88A061F9364B}.Debug|x64.ActiveCfg = Debug|Any CPU
		{88D6EA05-9CEA-4196-A2F4-88A061F9364B}.Debug|x64.Build.0 = Debug|Any CPU
		{88D6EA05-9CEA-4196-A2F4-88A061F9364B}.Debug|x86.ActiveCfg = Debug|Any CPU
		{88D6EA05-9CEA-4196-A2F4-88A061F9364B}.Debug|x86.Build.0 = Debug|Any CPU
		{88D6EA05-9CEA-4196-A2F4-88A061F9364B}.Release|Any CPU.ActiveCfg = Release|Any CPU
		{88D6EA05-9CEA-4196-A2F4-88A061F9364B}.Release|Any CPU.Build.0 = Release|Any CPU
		{88D6EA05-9CEA-4196-A2F4-88A061F9364B}.Release|x64.ActiveCfg = Release|Any CPU
		{88D6EA05-9CEA-4196-A2F4-88A061F9364B}.Release|x64.Build.0 = Release|Any CPU
		{88D6EA05-9CEA-4196-A2F4-88A061F9364B}.Release|x86.ActiveCfg = Release|Any CPU
		{88D6EA05-9CEA-4196-A2F4-88A061F9364B}.Release|x86.Build.0 = Release|Any CPU
		{3C91A65F-D350-4EF1-93A4-CA8FD399A8E1}.Debug|Any CPU.ActiveCfg = Debug|Any CPU
		{3C91A65F-D350-4EF1-93A4-CA8FD399A8E1}.Debug|Any CPU.Build.0 = Debug|Any CPU
		{3C91A65F-D350-4EF1-93A4-CA8FD399A8E1}.Debug|x64.ActiveCfg = Debug|Any CPU
		{3C91A65F-D350-4EF1-93A4-CA8FD399A8E1}.Debug|x64.Build.0 = Debug|Any CPU
		{3C91A65F-D350-4EF1-93A4-CA8FD399A8E1}.Debug|x86.ActiveCfg = Debug|Any CPU
		{3C91A65F-D350-4EF1-93A4-CA8FD399A8E1}.Debug|x86.Build.0 = Debug|Any CPU
		{3C91A65F-D350-4EF1-93A4-CA8FD399A8E1}.Release|Any CPU.ActiveCfg = Release|Any CPU
		{3C91A65F-D350-4EF1-93A4-CA8FD399A8E1}.Release|Any CPU.Build.0 = Release|Any CPU
		{3C91A65F-D350-4EF1-93A4-CA8FD399A8E1}.Release|x64.ActiveCfg = Release|Any CPU
		{3C91A65F-D350-4EF1-93A4-CA8FD399A8E1}.Release|x64.Build.0 = Release|Any CPU
		{3C91A65F-D350-4EF1-93A4-CA8FD399A8E1}.Release|x86.ActiveCfg = Release|Any CPU
		{3C91A65F-D350-4EF1-93A4-CA8FD399A8E1}.Release|x86.Build.0 = Release|Any CPU
		{E6200AD8-2CA9-44DD-B2A9-9765C55B7F6F}.Debug|Any CPU.ActiveCfg = Debug|Any CPU
		{E6200AD8-2CA9-44DD-B2A9-9765C55B7F6F}.Debug|Any CPU.Build.0 = Debug|Any CPU
		{E6200AD8-2CA9-44DD-B2A9-9765C55B7F6F}.Debug|x64.ActiveCfg = Debug|Any CPU
		{E6200AD8-2CA9-44DD-B2A9-9765C55B7F6F}.Debug|x64.Build.0 = Debug|Any CPU
		{E6200AD8-2CA9-44DD-B2A9-9765C55B7F6F}.Debug|x86.ActiveCfg = Debug|Any CPU
		{E6200AD8-2CA9-44DD-B2A9-9765C55B7F6F}.Debug|x86.Build.0 = Debug|Any CPU
		{E6200AD8-2CA9-44DD-B2A9-9765C55B7F6F}.Release|Any CPU.ActiveCfg = Release|Any CPU
		{E6200AD8-2CA9-44DD-B2A9-9765C55B7F6F}.Release|Any CPU.Build.0 = Release|Any CPU
		{E6200AD8-2CA9-44DD-B2A9-9765C55B7F6F}.Release|x64.ActiveCfg = Release|Any CPU
		{E6200AD8-2CA9-44DD-B2A9-9765C55B7F6F}.Release|x64.Build.0 = Release|Any CPU
		{E6200AD8-2CA9-44DD-B2A9-9765C55B7F6F}.Release|x86.ActiveCfg = Release|Any CPU
		{E6200AD8-2CA9-44DD-B2A9-9765C55B7F6F}.Release|x86.Build.0 = Release|Any CPU
		{1639E53B-B381-49D0-819A-8F2DCC43984D}.Debug|Any CPU.ActiveCfg = Debug|Any CPU
		{1639E53B-B381-49D0-819A-8F2DCC43984D}.Debug|Any CPU.Build.0 = Debug|Any CPU
		{1639E53B-B381-49D0-819A-8F2DCC43984D}.Debug|x64.ActiveCfg = Debug|Any CPU
		{1639E53B-B381-49D0-819A-8F2DCC43984D}.Debug|x64.Build.0 = Debug|Any CPU
		{1639E53B-B381-49D0-819A-8F2DCC43984D}.Debug|x86.ActiveCfg = Debug|Any CPU
		{1639E53B-B381-49D0-819A-8F2DCC43984D}.Debug|x86.Build.0 = Debug|Any CPU
		{1639E53B-B381-49D0-819A-8F2DCC43984D}.Release|Any CPU.ActiveCfg = Release|Any CPU
		{1639E53B-B381-49D0-819A-8F2DCC43984D}.Release|Any CPU.Build.0 = Release|Any CPU
		{1639E53B-B381-49D0-819A-8F2DCC43984D}.Release|x64.ActiveCfg = Release|Any CPU
		{1639E53B-B381-49D0-819A-8F2DCC43984D}.Release|x64.Build.0 = Release|Any CPU
		{1639E53B-B381-49D0-819A-8F2DCC43984D}.Release|x86.ActiveCfg = Release|Any CPU
		{1639E53B-B381-49D0-819A-8F2DCC43984D}.Release|x86.Build.0 = Release|Any CPU
		{6577169F-C1DF-478D-AF39-A5A1993B34FC}.Debug|Any CPU.ActiveCfg = Debug|Any CPU
		{6577169F-C1DF-478D-AF39-A5A1993B34FC}.Debug|Any CPU.Build.0 = Debug|Any CPU
		{6577169F-C1DF-478D-AF39-A5A1993B34FC}.Debug|x64.ActiveCfg = Debug|Any CPU
		{6577169F-C1DF-478D-AF39-A5A1993B34FC}.Debug|x64.Build.0 = Debug|Any CPU
		{6577169F-C1DF-478D-AF39-A5A1993B34FC}.Debug|x86.ActiveCfg = Debug|Any CPU
		{6577169F-C1DF-478D-AF39-A5A1993B34FC}.Debug|x86.Build.0 = Debug|Any CPU
		{6577169F-C1DF-478D-AF39-A5A1993B34FC}.Release|Any CPU.ActiveCfg = Release|Any CPU
		{6577169F-C1DF-478D-AF39-A5A1993B34FC}.Release|Any CPU.Build.0 = Release|Any CPU
		{6577169F-C1DF-478D-AF39-A5A1993B34FC}.Release|x64.ActiveCfg = Release|Any CPU
		{6577169F-C1DF-478D-AF39-A5A1993B34FC}.Release|x64.Build.0 = Release|Any CPU
		{6577169F-C1DF-478D-AF39-A5A1993B34FC}.Release|x86.ActiveCfg = Release|Any CPU
		{6577169F-C1DF-478D-AF39-A5A1993B34FC}.Release|x86.Build.0 = Release|Any CPU
		{22DB82AF-DD56-4269-B093-EC507426A47D}.Debug|Any CPU.ActiveCfg = Debug|Any CPU
		{22DB82AF-DD56-4269-B093-EC507426A47D}.Debug|Any CPU.Build.0 = Debug|Any CPU
		{22DB82AF-DD56-4269-B093-EC507426A47D}.Debug|x64.ActiveCfg = Debug|Any CPU
		{22DB82AF-DD56-4269-B093-EC507426A47D}.Debug|x64.Build.0 = Debug|Any CPU
		{22DB82AF-DD56-4269-B093-EC507426A47D}.Debug|x86.ActiveCfg = Debug|Any CPU
		{22DB82AF-DD56-4269-B093-EC507426A47D}.Debug|x86.Build.0 = Debug|Any CPU
		{22DB82AF-DD56-4269-B093-EC507426A47D}.Release|Any CPU.ActiveCfg = Release|Any CPU
		{22DB82AF-DD56-4269-B093-EC507426A47D}.Release|Any CPU.Build.0 = Release|Any CPU
		{22DB82AF-DD56-4269-B093-EC507426A47D}.Release|x64.ActiveCfg = Release|Any CPU
		{22DB82AF-DD56-4269-B093-EC507426A47D}.Release|x64.Build.0 = Release|Any CPU
		{22DB82AF-DD56-4269-B093-EC507426A47D}.Release|x86.ActiveCfg = Release|Any CPU
		{22DB82AF-DD56-4269-B093-EC507426A47D}.Release|x86.Build.0 = Release|Any CPU
	EndGlobalSection
	GlobalSection(SolutionProperties) = preSolution
		HideSolutionNode = FALSE
	EndGlobalSection
EndGlobal
